
Microsoft Visual Studio Solution File, Format Version 12.00
# Visual Studio Version 17
VisualStudioVersion = 17.6.33815.320
MinimumVisualStudioVersion = 10.0.40219.1
Project("{9A19103F-16F7-4668-BE54-9A1E7A4F7556}") = "MediatrPipelinesPlayground", "MediatrPipelinesPlayground\MediatrPipelinesPlayground.csproj", "{1D9E80DE-BD62-4BDA-B410-E235AAA65AC5}"
EndProject
Project("{2150E333-8FDC-42A3-9474-1A3956D46DE8}") = "Files", "Files", "{FC67423F-9407-42EB-8A0E-5F8D8FEFA90A}"
	ProjectSection(SolutionItems) = preProject
		.gitignore = .gitignore
	EndProjectSection
EndProject
Global
	GlobalSection(SolutionConfigurationPlatforms) = preSolution
		Debug|Any CPU = Debug|Any CPU
		Release|Any CPU = Release|Any CPU
	EndGlobalSection
	GlobalSection(ProjectConfigurationPlatforms) = postSolution
		{1D9E80DE-BD62-4BDA-B410-E235AAA65AC5}.Debug|Any CPU.ActiveCfg = Debug|Any CPU
		{1D9E80DE-BD62-4BDA-B410-E235AAA65AC5}.Debug|Any CPU.Build.0 = Debug|Any CPU
		{1D9E80DE-BD62-4BDA-B410-E235AAA65AC5}.Release|Any CPU.ActiveCfg = Release|Any CPU
		{1D9E80DE-BD62-4BDA-B410-E235AAA65AC5}.Release|Any CPU.Build.0 = Release|Any CPU
	EndGlobalSection
	GlobalSection(SolutionProperties) = preSolution
		HideSolutionNode = FALSE
	EndGlobalSection
	GlobalSection(ExtensibilityGlobals) = postSolution
		SolutionGuid = {BA6DECE2-CE7F-4F2C-9DA0-759EBC692991}
	EndGlobalSection
EndGlobal
